
Microsoft Visual Studio Solution File, Format Version 12.00
Project("{FAE04EC0-301F-11D3-BF4B-00C04F79EFBC}") = "Nets", "Nets\Nets.csproj", "{6BA2D4F4-B73D-4C87-8E59-570376769818}"
EndProject
Project("{FAE04EC0-301F-11D3-BF4B-00C04F79EFBC}") = "NetsTest", "NetsTest\NetsTest.csproj", "{CC985686-8CF8-4B92-87E9-DC32844FD169}"
EndProject
Global
	GlobalSection(SolutionConfigurationPlatforms) = preSolution
		Debug|Any CPU = Debug|Any CPU
		Release|Any CPU = Release|Any CPU
	EndGlobalSection
	GlobalSection(ProjectConfigurationPlatforms) = postSolution
		{6BA2D4F4-B73D-4C87-8E59-570376769818}.Debug|Any CPU.ActiveCfg = Debug|Any CPU
		{6BA2D4F4-B73D-4C87-8E59-570376769818}.Debug|Any CPU.Build.0 = Debug|Any CPU
		{6BA2D4F4-B73D-4C87-8E59-570376769818}.Release|Any CPU.ActiveCfg = Release|Any CPU
		{6BA2D4F4-B73D-4C87-8E59-570376769818}.Release|Any CPU.Build.0 = Release|Any CPU
		{CC985686-8CF8-4B92-87E9-DC32844FD169}.Debug|Any CPU.ActiveCfg = Debug|Any CPU
		{CC985686-8CF8-4B92-87E9-DC32844FD169}.Debug|Any CPU.Build.0 = Debug|Any CPU
		{CC985686-8CF8-4B92-87E9-DC32844FD169}.Release|Any CPU.ActiveCfg = Release|Any CPU
		{CC985686-8CF8-4B92-87E9-DC32844FD169}.Release|Any CPU.Build.0 = Release|Any CPU
	EndGlobalSection
EndGlobal
